
Microsoft Visual Studio Solution File, Format Version 9.00
# Visual Studio 2005
Project("{8BC9CEB8-8B4A-11D0-8D11-00A0C91BC942}") = "axis2_parser", "axis2_parser\axis2_parser.vcproj", "{D7D7FBA1-5E43-4586-8F69-D4ED2628D2D8}"
	ProjectSection(ProjectDependencies) = postProject
		{3887B3E3-1A45-40E5-BC95-9C51000C86DB} = {3887B3E3-1A45-40E5-BC95-9C51000C86DB}
	EndProjectSection
EndProject
Project("{8BC9CEB8-8B4A-11D0-8D11-00A0C91BC942}") = "axiom", "axiom\axiom.vcproj", "{7C816A64-FA96-4C6C-8DB0-5256441F54BC}"
	ProjectSection(ProjectDependencies) = postProject
		{3887B3E3-1A45-40E5-BC95-9C51000C86DB} = {3887B3E3-1A45-40E5-BC95-9C51000C86DB}
		{D7D7FBA1-5E43-4586-8F69-D4ED2628D2D8} = {D7D7FBA1-5E43-4586-8F69-D4ED2628D2D8}
	EndProjectSection
EndProject
Project("{8BC9CEB8-8B4A-11D0-8D11-00A0C91BC942}") = "axis2_engine", "axis2_engine\axis2_engine.vcproj", "{9524B8C5-79D9-4470-9A47-8BD163ABBB15}"
	ProjectSection(ProjectDependencies) = postProject
		{3887B3E3-1A45-40E5-BC95-9C51000C86DB} = {3887B3E3-1A45-40E5-BC95-9C51000C86DB}
		{D7D7FBA1-5E43-4586-8F69-D4ED2628D2D8} = {D7D7FBA1-5E43-4586-8F69-D4ED2628D2D8}
		{7C816A64-FA96-4C6C-8DB0-5256441F54BC} = {7C816A64-FA96-4C6C-8DB0-5256441F54BC}
		{20643536-7BF0-4201-9EA6-039E6CF19ADB} = {20643536-7BF0-4201-9EA6-039E6CF19ADB}
	EndProjectSection
EndProject
Project("{8BC9CEB8-8B4A-11D0-8D11-00A0C91BC942}") = "axis2_http_server", "axis2_http_server\axis2_http_server.vcproj", "{D2975362-DEAA-41BF-AE5E-E6FCDB526726}"
	ProjectSection(ProjectDependencies) = postProject
		{3887B3E3-1A45-40E5-BC95-9C51000C86DB} = {3887B3E3-1A45-40E5-BC95-9C51000C86DB}
		{9524B8C5-79D9-4470-9A47-8BD163ABBB15} = {9524B8C5-79D9-4470-9A47-8BD163ABBB15}
		{D7D7FBA1-5E43-4586-8F69-D4ED2628D2D8} = {D7D7FBA1-5E43-4586-8F69-D4ED2628D2D8}
		{9441F689-6ED3-4FF8-9B13-2E80E391DF39} = {9441F689-6ED3-4FF8-9B13-2E80E391DF39}
		{0DEEAA74-F06D-4C60-B408-1B875B4FB338} = {0DEEAA74-F06D-4C60-B408-1B875B4FB338}
		{7C816A64-FA96-4C6C-8DB0-5256441F54BC} = {7C816A64-FA96-4C6C-8DB0-5256441F54BC}
		{20643536-7BF0-4201-9EA6-039E6CF19ADB} = {20643536-7BF0-4201-9EA6-039E6CF19ADB}
		{7332F525-8C77-4FB3-A0C0-FCEB2382F03C} = {7332F525-8C77-4FB3-A0C0-FCEB2382F03C}
	EndProjectSection
EndProject
Project("{8BC9CEB8-8B4A-11D0-8D11-00A0C91BC942}") = "axis2_mod_addr", "axis2_mod_addr\axis2_mod_addr.vcproj", "{0DEEAA74-F06D-4C60-B408-1B875B4FB338}"
	ProjectSection(ProjectDependencies) = postProject
		{3887B3E3-1A45-40E5-BC95-9C51000C86DB} = {3887B3E3-1A45-40E5-BC95-9C51000C86DB}
		{9524B8C5-79D9-4470-9A47-8BD163ABBB15} = {9524B8C5-79D9-4470-9A47-8BD163ABBB15}
		{D7D7FBA1-5E43-4586-8F69-D4ED2628D2D8} = {D7D7FBA1-5E43-4586-8F69-D4ED2628D2D8}
		{7C816A64-FA96-4C6C-8DB0-5256441F54BC} = {7C816A64-FA96-4C6C-8DB0-5256441F54BC}
		{20643536-7BF0-4201-9EA6-039E6CF19ADB} = {20643536-7BF0-4201-9EA6-039E6CF19ADB}
	EndProjectSection
EndProject
Project("{8BC9CEB8-8B4A-11D0-8D11-00A0C91BC942}") = "axis2_http_sender", "axis2_http_sender\axis2_http_sender.vcproj", "{7332F525-8C77-4FB3-A0C0-FCEB2382F03C}"
	ProjectSection(ProjectDependencies) = postProject
		{3887B3E3-1A45-40E5-BC95-9C51000C86DB} = {3887B3E3-1A45-40E5-BC95-9C51000C86DB}
		{9524B8C5-79D9-4470-9A47-8BD163ABBB15} = {9524B8C5-79D9-4470-9A47-8BD163ABBB15}
		{7C816A64-FA96-4C6C-8DB0-5256441F54BC} = {7C816A64-FA96-4C6C-8DB0-5256441F54BC}
		{20643536-7BF0-4201-9EA6-039E6CF19ADB} = {20643536-7BF0-4201-9EA6-039E6CF19ADB}
	EndProjectSection
EndProject
Project("{8BC9CEB8-8B4A-11D0-8D11-00A0C91BC942}") = "axis2_http_receiver", "axis2_http_receiver\axis2_http_receiver.vcproj", "{9441F689-6ED3-4FF8-9B13-2E80E391DF39}"
	ProjectSection(ProjectDependencies) = postProject
		{3887B3E3-1A45-40E5-BC95-9C51000C86DB} = {3887B3E3-1A45-40E5-BC95-9C51000C86DB}
		{9524B8C5-79D9-4470-9A47-8BD163ABBB15} = {9524B8C5-79D9-4470-9A47-8BD163ABBB15}
		{D7D7FBA1-5E43-4586-8F69-D4ED2628D2D8} = {D7D7FBA1-5E43-4586-8F69-D4ED2628D2D8}
		{7C816A64-FA96-4C6C-8DB0-5256441F54BC} = {7C816A64-FA96-4C6C-8DB0-5256441F54BC}
	EndProjectSection
EndProject
Project("{8BC9CEB8-8B4A-11D0-8D11-00A0C91BC942}") = "axutil", "axutil\axutil.vcproj", "{3887B3E3-1A45-40E5-BC95-9C51000C86DB}"
EndProject
Project("{2150E333-8FDC-42A3-9474-1A3956D46DE8}") = "Solution Items", "Solution Items", "{52AB54B9-4457-4E03-B892-75CC56F22B32}"
	ProjectSection(SolutionItems) = preProject
		..\..\..\build\win32\makefile = ..\..\..\build\win32\makefile
	EndProjectSection
EndProject
Project("{8BC9CEB8-8B4A-11D0-8D11-00A0C91BC942}") = "neethi", "neethi\neethi.vcproj", "{20643536-7BF0-4201-9EA6-039E6CF19ADB}"
	ProjectSection(ProjectDependencies) = postProject
		{D7D7FBA1-5E43-4586-8F69-D4ED2628D2D8} = {D7D7FBA1-5E43-4586-8F69-D4ED2628D2D8}
		{CAF3AED6-3900-4E8B-B21E-68022B955260} = {CAF3AED6-3900-4E8B-B21E-68022B955260}
		{7C816A64-FA96-4C6C-8DB0-5256441F54BC} = {7C816A64-FA96-4C6C-8DB0-5256441F54BC}
		{3887B3E3-1A45-40E5-BC95-9C51000C86DB} = {3887B3E3-1A45-40E5-BC95-9C51000C86DB}
	EndProjectSection
EndProject
